
Microsoft Visual Studio Solution File, Format Version 12.00
# Visual Studio Version 17
VisualStudioVersion = 17.7.34024.191
MinimumVisualStudioVersion = 10.0.40219.1
Project("{FAE04EC0-301F-11D3-BF4B-00C04F79EFBC}") = "1250FinalReview", "1250FinalReview.csproj", "{2ACB38E7-E4B0-4457-A3F8-2B4FBE7E837B}"
EndProject
Global
	GlobalSection(SolutionConfigurationPlatforms) = preSolution
		Debug|Any CPU = Debug|Any CPU
		Release|Any CPU = Release|Any CPU
	EndGlobalSection
	GlobalSection(ProjectConfigurationPlatforms) = postSolution
		{2ACB38E7-E4B0-4457-A3F8-2B4FBE7E837B}.Debug|Any CPU.ActiveCfg = Debug|Any CPU
		{2ACB38E7-E4B0-4457-A3F8-2B4FBE7E837B}.Debug|Any CPU.Build.0 = Debug|Any CPU
		{2ACB38E7-E4B0-4457-A3F8-2B4FBE7E837B}.Release|Any CPU.ActiveCfg = Release|Any CPU
		{2ACB38E7-E4B0-4457-A3F8-2B4FBE7E837B}.Release|Any CPU.Build.0 = Release|Any CPU
	EndGlobalSection
	GlobalSection(SolutionProperties) = preSolution
		HideSolutionNode = FALSE
	EndGlobalSection
	GlobalSection(ExtensibilityGlobals) = postSolution
		SolutionGuid = {5E6D9D54-687B-4283-9BEE-A0D7D76C8333}
	EndGlobalSection
EndGlobal
